
Microsoft Visual Studio Solution File, Format Version 12.00
# Visual Studio Version 16
VisualStudioVersion = 16.0.29326.143
MinimumVisualStudioVersion = 10.0.40219.1
Project("{8BC9CEB8-8B4A-11D0-8D11-00A0C91BC942}") = "dwPA05_BruceChoe", "PA05_BruceChoe\PA05_BruceChoe.vcxproj", "{53E58D94-6410-4F17-AB20-ABD92930FA7B}"
EndProject
Project("{8BC9CEB8-8B4A-11D0-8D11-00A0C91BC942}") = "mdPA05_BruceChoe", "mdPA05_BruceChoe\mdPA05_BruceChoe.vcxproj", "{FA05B76C-308B-49E2-AFDC-25AA9C8A8541}"
EndProject
Project("{8BC9CEB8-8B4A-11D0-8D11-00A0C91BC942}") = "bcPA05_BruceChoe", "bcPA05_BruceChoe\bcPA05_BruceChoe.vcxproj", "{D29CCA11-8C7B-487E-A9B5-3D48E1FD9A8E}"
EndProject
Global
	GlobalSection(SolutionConfigurationPlatforms) = preSolution
		Debug|x64 = Debug|x64
		Debug|x86 = Debug|x86
		Release|x64 = Release|x64
		Release|x86 = Release|x86
	EndGlobalSection
	GlobalSection(ProjectConfigurationPlatforms) = postSolution
		{53E58D94-6410-4F17-AB20-ABD92930FA7B}.Debug|x64.ActiveCfg = Debug|x64
		{53E58D94-6410-4F17-AB20-ABD92930FA7B}.Debug|x64.Build.0 = Debug|x64
		{53E58D94-6410-4F17-AB20-ABD92930FA7B}.Debug|x86.ActiveCfg = Debug|Win32
		{53E58D94-6410-4F17-AB20-ABD92930FA7B}.Debug|x86.Build.0 = Debug|Win32
		{53E58D94-6410-4F17-AB20-ABD92930FA7B}.Release|x64.ActiveCfg = Release|x64
		{53E58D94-6410-4F17-AB20-ABD92930FA7B}.Release|x64.Build.0 = Release|x64
		{53E58D94-6410-4F17-AB20-ABD92930FA7B}.Release|x86.ActiveCfg = Release|Win32
		{53E58D94-6410-4F17-AB20-ABD92930FA7B}.Release|x86.Build.0 = Release|Win32
		{FA05B76C-308B-49E2-AFDC-25AA9C8A8541}.Debug|x64.ActiveCfg = Debug|x64
		{FA05B76C-308B-49E2-AFDC-25AA9C8A8541}.Debug|x64.Build.0 = Debug|x64
		{FA05B76C-308B-49E2-AFDC-25AA9C8A8541}.Debug|x86.ActiveCfg = Debug|Win32
		{FA05B76C-308B-49E2-AFDC-25AA9C8A8541}.Debug|x86.Build.0 = Debug|Win32
		{FA05B76C-308B-49E2-AFDC-25AA9C8A8541}.Release|x64.ActiveCfg = Release|x64
		{FA05B76C-308B-49E2-AFDC-25AA9C8A8541}.Release|x64.Build.0 = Release|x64
		{FA05B76C-308B-49E2-AFDC-25AA9C8A8541}.Release|x86.ActiveCfg = Release|Win32
		{FA05B76C-308B-49E2-AFDC-25AA9C8A8541}.Release|x86.Build.0 = Release|Win32
		{D29CCA11-8C7B-487E-A9B5-3D48E1FD9A8E}.Debug|x64.ActiveCfg = Debug|x64
		{D29CCA11-8C7B-487E-A9B5-3D48E1FD9A8E}.Debug|x64.Build.0 = Debug|x64
		{D29CCA11-8C7B-487E-A9B5-3D48E1FD9A8E}.Debug|x86.ActiveCfg = Debug|Win32
		{D29CCA11-8C7B-487E-A9B5-3D48E1FD9A8E}.Debug|x86.Build.0 = Debug|Win32
		{D29CCA11-8C7B-487E-A9B5-3D48E1FD9A8E}.Release|x64.ActiveCfg = Release|x64
		{D29CCA11-8C7B-487E-A9B5-3D48E1FD9A8E}.Release|x64.Build.0 = Release|x64
		{D29CCA11-8C7B-487E-A9B5-3D48E1FD9A8E}.Release|x86.ActiveCfg = Release|Win32
		{D29CCA11-8C7B-487E-A9B5-3D48E1FD9A8E}.Release|x86.Build.0 = Release|Win32
	EndGlobalSection
	GlobalSection(SolutionProperties) = preSolution
		HideSolutionNode = FALSE
	EndGlobalSection
	GlobalSection(ExtensibilityGlobals) = postSolution
		SolutionGuid = {E753726C-9907-4944-BC23-17C60A69496D}
	EndGlobalSection
EndGlobal
